
Microsoft Visual Studio Solution File, Format Version 12.00
Project("{FAE04EC0-301F-11D3-BF4B-00C04F79EFBC}") = "GameSite", "GameSite\GameSite.csproj", "{422486AA-EE39-4C13-BF38-33FDD5DCECAA}"
EndProject
Global
	GlobalSection(SolutionConfigurationPlatforms) = preSolution
		Debug|Any CPU = Debug|Any CPU
		Release|Any CPU = Release|Any CPU
	EndGlobalSection
	GlobalSection(ProjectConfigurationPlatforms) = postSolution
		{422486AA-EE39-4C13-BF38-33FDD5DCECAA}.Debug|Any CPU.ActiveCfg = Debug|Any CPU
		{422486AA-EE39-4C13-BF38-33FDD5DCECAA}.Debug|Any CPU.Build.0 = Debug|Any CPU
		{422486AA-EE39-4C13-BF38-33FDD5DCECAA}.Release|Any CPU.ActiveCfg = Release|Any CPU
		{422486AA-EE39-4C13-BF38-33FDD5DCECAA}.Release|Any CPU.Build.0 = Release|Any CPU
	EndGlobalSection
EndGlobal
